
Microsoft Visual Studio Solution File, Format Version 12.00
# Visual Studio Version 17
VisualStudioVersion = 17.9.34607.119
MinimumVisualStudioVersion = 10.0.40219.1
Project("{FAE04EC0-301F-11D3-BF4B-00C04F79EFBC}") = "Anpha01", "Anpha01.csproj", "{41A02FAE-A1AA-418F-96AD-D2D90436ED11}"
EndProject
Global
	GlobalSection(SolutionConfigurationPlatforms) = preSolution
		Debug|Any CPU = Debug|Any CPU
		Release|Any CPU = Release|Any CPU
	EndGlobalSection
	GlobalSection(ProjectConfigurationPlatforms) = postSolution
		{41A02FAE-A1AA-418F-96AD-D2D90436ED11}.Debug|Any CPU.ActiveCfg = Debug|Any CPU
		{41A02FAE-A1AA-418F-96AD-D2D90436ED11}.Debug|Any CPU.Build.0 = Debug|Any CPU
		{41A02FAE-A1AA-418F-96AD-D2D90436ED11}.Release|Any CPU.ActiveCfg = Release|Any CPU
		{41A02FAE-A1AA-418F-96AD-D2D90436ED11}.Release|Any CPU.Build.0 = Release|Any CPU
	EndGlobalSection
	GlobalSection(SolutionProperties) = preSolution
		HideSolutionNode = FALSE
	EndGlobalSection
	GlobalSection(ExtensibilityGlobals) = postSolution
		SolutionGuid = {A013083F-9236-4D18-8C52-27D00D356EC9}
	EndGlobalSection
EndGlobal
